
Microsoft Visual Studio Solution File, Format Version 12.00
# Visual Studio Version 17
VisualStudioVersion = 17.2.32616.157
MinimumVisualStudioVersion = 10.0.40219.1
Project("{8BC9CEB8-8B4A-11D0-8D11-00A0C91BC942}") = "EM", "EM\EM.vcxproj", "{341C5E70-91BE-47B0-9A32-8FDB8B255C38}"
	ProjectSection(ProjectDependencies) = postProject
		{19F89034-8046-4D79-81E3-EC41025C3B5C} = {19F89034-8046-4D79-81E3-EC41025C3B5C}
		{972408E7-1F13-40E0-B59C-148996943DCB} = {972408E7-1F13-40E0-B59C-148996943DCB}
	EndProjectSection
EndProject
Project("{8BC9CEB8-8B4A-11D0-8D11-00A0C91BC942}") = "DBHandler", "DBHandler\DBHandler.vcxproj", "{972408E7-1F13-40E0-B59C-148996943DCB}"
	ProjectSection(ProjectDependencies) = postProject
		{A47B6381-0B19-428E-9839-C9861BCE4327} = {A47B6381-0B19-428E-9839-C9861BCE4327}
		{F92BE31C-077F-4970-931E-ECAE3A5D523E} = {F92BE31C-077F-4970-931E-ECAE3A5D523E}
	EndProjectSection
EndProject
Project("{8BC9CEB8-8B4A-11D0-8D11-00A0C91BC942}") = "CLIParser", "CLIParser\CLIParser.vcxproj", "{19F89034-8046-4D79-81E3-EC41025C3B5C}"
	ProjectSection(ProjectDependencies) = postProject
		{A47B6381-0B19-428E-9839-C9861BCE4327} = {A47B6381-0B19-428E-9839-C9861BCE4327}
		{F92BE31C-077F-4970-931E-ECAE3A5D523E} = {F92BE31C-077F-4970-931E-ECAE3A5D523E}
	EndProjectSection
EndProject
Project("{8BC9CEB8-8B4A-11D0-8D11-00A0C91BC942}") = "CliApp", "CliApp\CliApp.vcxproj", "{EC1A2C37-3145-405E-8875-20A28FF1EF95}"
	ProjectSection(ProjectDependencies) = postProject
		{341C5E70-91BE-47B0-9A32-8FDB8B255C38} = {341C5E70-91BE-47B0-9A32-8FDB8B255C38}
	EndProjectSection
EndProject
Project("{8BC9CEB8-8B4A-11D0-8D11-00A0C91BC942}") = "JsonHelper", "JsonHelper\JsonHelper.vcxproj", "{F92BE31C-077F-4970-931E-ECAE3A5D523E}"
EndProject
Project("{8BC9CEB8-8B4A-11D0-8D11-00A0C91BC942}") = "Utilities", "Utilities\Utilities.vcxproj", "{A47B6381-0B19-428E-9839-C9861BCE4327}"
EndProject
Global
	GlobalSection(SolutionConfigurationPlatforms) = preSolution
		Debug|x64 = Debug|x64
		Debug|x86 = Debug|x86
		Release|x64 = Release|x64
		Release|x86 = Release|x86
	EndGlobalSection
	GlobalSection(ProjectConfigurationPlatforms) = postSolution
		{341C5E70-91BE-47B0-9A32-8FDB8B255C38}.Debug|x64.ActiveCfg = Debug|x64
		{341C5E70-91BE-47B0-9A32-8FDB8B255C38}.Debug|x64.Build.0 = Debug|x64
		{341C5E70-91BE-47B0-9A32-8FDB8B255C38}.Debug|x86.ActiveCfg = Debug|Win32
		{341C5E70-91BE-47B0-9A32-8FDB8B255C38}.Debug|x86.Build.0 = Debug|Win32
		{341C5E70-91BE-47B0-9A32-8FDB8B255C38}.Release|x64.ActiveCfg = Release|x64
		{341C5E70-91BE-47B0-9A32-8FDB8B255C38}.Release|x64.Build.0 = Release|x64
		{341C5E70-91BE-47B0-9A32-8FDB8B255C38}.Release|x86.ActiveCfg = Release|Win32
		{341C5E70-91BE-47B0-9A32-8FDB8B255C38}.Release|x86.Build.0 = Release|Win32
		{972408E7-1F13-40E0-B59C-148996943DCB}.Debug|x64.ActiveCfg = Debug|x64
		{972408E7-1F13-40E0-B59C-148996943DCB}.Debug|x64.Build.0 = Debug|x64
		{972408E7-1F13-40E0-B59C-148996943DCB}.Debug|x86.ActiveCfg = Debug|Win32
		{972408E7-1F13-40E0-B59C-148996943DCB}.Debug|x86.Build.0 = Debug|Win32
		{972408E7-1F13-40E0-B59C-148996943DCB}.Release|x64.ActiveCfg = Release|x64
		{972408E7-1F13-40E0-B59C-148996943DCB}.Release|x64.Build.0 = Release|x64
		{972408E7-1F13-40E0-B59C-148996943DCB}.Release|x86.ActiveCfg = Release|Win32
		{972408E7-1F13-40E0-B59C-148996943DCB}.Release|x86.Build.0 = Release|Win32
		{19F89034-8046-4D79-81E3-EC41025C3B5C}.Debug|x64.ActiveCfg = Debug|x64
		{19F89034-8046-4D79-81E3-EC41025C3B5C}.Debug|x64.Build.0 = Debug|x64
		{19F89034-8046-4D79-81E3-EC41025C3B5C}.Debug|x86.ActiveCfg = Debug|Win32
		{19F89034-8046-4D79-81E3-EC41025C3B5C}.Debug|x86.Build.0 = Debug|Win32
		{19F89034-8046-4D79-81E3-EC41025C3B5C}.Release|x64.ActiveCfg = Release|x64
		{19F89034-8046-4D79-81E3-EC41025C3B5C}.Release|x64.Build.0 = Release|x64
		{19F89034-8046-4D79-81E3-EC41025C3B5C}.Release|x86.ActiveCfg = Release|Win32
		{19F89034-8046-4D79-81E3-EC41025C3B5C}.Release|x86.Build.0 = Release|Win32
		{EC1A2C37-3145-405E-8875-20A28FF1EF95}.Debug|x64.ActiveCfg = Debug|x64
		{EC1A2C37-3145-405E-8875-20A28FF1EF95}.Debug|x64.Build.0 = Debug|x64
		{EC1A2C37-3145-405E-8875-20A28FF1EF95}.Debug|x86.ActiveCfg = Debug|Win32
		{EC1A2C37-3145-405E-8875-20A28FF1EF95}.Debug|x86.Build.0 = Debug|Win32
		{EC1A2C37-3145-405E-8875-20A28FF1EF95}.Release|x64.ActiveCfg = Release|x64
		{EC1A2C37-3145-405E-8875-20A28FF1EF95}.Release|x64.Build.0 = Release|x64
		{EC1A2C37-3145-405E-8875-20A28FF1EF95}.Release|x86.ActiveCfg = Release|Win32
		{EC1A2C37-3145-405E-8875-20A28FF1EF95}.Release|x86.Build.0 = Release|Win32
		{F92BE31C-077F-4970-931E-ECAE3A5D523E}.Debug|x64.ActiveCfg = Debug|x64
		{F92BE31C-077F-4970-931E-ECAE3A5D523E}.Debug|x64.Build.0 = Debug|x64
		{F92BE31C-077F-4970-931E-ECAE3A5D523E}.Debug|x86.ActiveCfg = Debug|Win32
		{F92BE31C-077F-4970-931E-ECAE3A5D523E}.Debug|x86.Build.0 = Debug|Win32
		{F92BE31C-077F-4970-931E-ECAE3A5D523E}.Release|x64.ActiveCfg = Release|x64
		{F92BE31C-077F-4970-931E-ECAE3A5D523E}.Release|x64.Build.0 = Release|x64
		{F92BE31C-077F-4970-931E-ECAE3A5D523E}.Release|x86.ActiveCfg = Release|Win32
		{F92BE31C-077F-4970-931E-ECAE3A5D523E}.Release|x86.Build.0 = Release|Win32
		{A47B6381-0B19-428E-9839-C9861BCE4327}.Debug|x64.ActiveCfg = Debug|x64
		{A47B6381-0B19-428E-9839-C9861BCE4327}.Debug|x64.Build.0 = Debug|x64
		{A47B6381-0B19-428E-9839-C9861BCE4327}.Debug|x86.ActiveCfg = Debug|Win32
		{A47B6381-0B19-428E-9839-C9861BCE4327}.Debug|x86.Build.0 = Debug|Win32
		{A47B6381-0B19-428E-9839-C9861BCE4327}.Release|x64.ActiveCfg = Release|x64
		{A47B6381-0B19-428E-9839-C9861BCE4327}.Release|x64.Build.0 = Release|x64
		{A47B6381-0B19-428E-9839-C9861BCE4327}.Release|x86.ActiveCfg = Release|Win32
		{A47B6381-0B19-428E-9839-C9861BCE4327}.Release|x86.Build.0 = Release|Win32
	EndGlobalSection
	GlobalSection(SolutionProperties) = preSolution
		HideSolutionNode = FALSE
	EndGlobalSection
	GlobalSection(ExtensibilityGlobals) = postSolution
		SolutionGuid = {7C84D72C-D86E-4A68-8D15-0843C7F26E9D}
	EndGlobalSection
EndGlobal
